// !$*UTF8*$!
{
	archiveVersion = 1;
	classes = {
	};
	objectVersion = 46;
	objects = {

/* Begin PBXBuildFile section */
		1445B9A91D9068A700128F91 /* main.m in Sources */ = {isa = PBXBuildFile; fileRef = 1445B9A81D9068A700128F91 /* main.m */; };
		1445B9AC1D9068A700128F91 /* AppDelegate.m in Sources */ = {isa = PBXBuildFile; fileRef = 1445B9AB1D9068A700128F91 /* AppDelegate.m */; };
		1445B9AF1D9068A700128F91 /* ViewController.m in Sources */ = {isa = PBXBuildFile; fileRef = 1445B9AE1D9068A700128F91 /* ViewController.m */; };
		1445B9B21D9068A700128F91 /* Main.storyboard in Resources */ = {isa = PBXBuildFile; fileRef = 1445B9B01D9068A700128F91 /* Main.storyboard */; };
		1445B9B41D9068A700128F91 /* Assets.xcassets in Resources */ = {isa = PBXBuildFile; fileRef = 1445B9B31D9068A700128F91 /* Assets.xcassets */; };
		1445B9B71D9068A700128F91 /* LaunchScreen.storyboard in Resources */ = {isa = PBXBuildFile; fileRef = 1445B9B51D9068A700128F91 /* LaunchScreen.storyboard */; };
		1445B9C01D90695500128F91 /* Model.xcdatamodeld in Sources */ = {isa = PBXBuildFile; fileRef = 1445B9BE1D90695500128F91 /* Model.xcdatamodeld */; };
		14CF54D31D945A22006433BF /* AGTSimpleCoreDataStack.m in Sources */ = {isa = PBXBuildFile; fileRef = 14CF54D21D945A22006433BF /* AGTSimpleCoreDataStack.m */; };
/* End PBXBuildFile section */

/* Begin PBXFileReference section */
		1445B9A41D9068A700128F91 /* HackerBookPro.app */ = {isa = PBXFileReference; explicitFileType = wrapper.application; includeInIndex = 0; path = HackerBookPro.app; sourceTree = BUILT_PRODUCTS_DIR; };
		1445B9A81D9068A700128F91 /* main.m */ = {isa = PBXFileReference; lastKnownFileType = sourcecode.c.objc; path = main.m; sourceTree = "<group>"; };
		1445B9AA1D9068A700128F91 /* AppDelegate.h */ = {isa = PBXFileReference; lastKnownFileType = sourcecode.c.h; path = AppDelegate.h; sourceTree = "<group>"; };
		1445B9AB1D9068A700128F91 /* AppDelegate.m */ = {isa = PBXFileReference; lastKnownFileType = sourcecode.c.objc; path = AppDelegate.m; sourceTree = "<group>"; };
		1445B9AD1D9068A700128F91 /* ViewController.h */ = {isa = PBXFileReference; lastKnownFileType = sourcecode.c.h; path = ViewController.h; sourceTree = "<group>"; };
		1445B9AE1D9068A700128F91 /* ViewController.m */ = {isa = PBXFileReference; lastKnownFileType = sourcecode.c.objc; path = ViewController.m; sourceTree = "<group>"; };
		1445B9B11D9068A700128F91 /* Base */ = {isa = PBXFileReference; lastKnownFileType = file.storyboard; name = Base; path = Base.lproj/Main.storyboard; sourceTree = "<group>"; };
		1445B9B31D9068A700128F91 /* Assets.xcassets */ = {isa = PBXFileReference; lastKnownFileType = folder.assetcatalog; path = Assets.xcassets; sourceTree = "<group>"; };
		1445B9B61D9068A700128F91 /* Base */ = {isa = PBXFileReference; lastKnownFileType = file.storyboard; name = Base; path = Base.lproj/LaunchScreen.storyboard; sourceTree = "<group>"; };
		1445B9B81D9068A700128F91 /* Info.plist */ = {isa = PBXFileReference; lastKnownFileType = text.plist.xml; path = Info.plist; sourceTree = "<group>"; };
		1445B9BF1D90695500128F91 /* Model.xcdatamodel */ = {isa = PBXFileReference; lastKnownFileType = wrapper.xcdatamodel; path = Model.xcdatamodel; sourceTree = "<group>"; };
		14CF54D11D945A22006433BF /* AGTSimpleCoreDataStack.h */ = {isa = PBXFileReference; fileEncoding = 4; lastKnownFileType = sourcecode.c.h; name = AGTSimpleCoreDataStack.h; path = ../../../AGTSimpleCoreDataStack.h; sourceTree = "<group>"; };
		14CF54D21D945A22006433BF /* AGTSimpleCoreDataStack.m */ = {isa = PBXFileReference; fileEncoding = 4; lastKnownFileType = sourcecode.c.objc; name = AGTSimpleCoreDataStack.m; path = ../../../AGTSimpleCoreDataStack.m; sourceTree = "<group>"; };
/* End PBXFileReference section */

/* Begin PBXFrameworksBuildPhase section */
		1445B9A11D9068A700128F91 /* Frameworks */ = {
			isa = PBXFrameworksBuildPhase;
			buildActionMask = 2147483647;
			files = (
			);
			runOnlyForDeploymentPostprocessing = 0;
		};
/* End PBXFrameworksBuildPhase section */

/* Begin PBXGroup section */
		1445B99B1D9068A700128F91 = {
			isa = PBXGroup;
			children = (
				1445B9A61D9068A700128F91 /* HackerBookPro */,
				1445B9A51D9068A700128F91 /* Products */,
			);
			sourceTree = "<group>";
		};
		1445B9A51D9068A700128F91 /* Products */ = {
			isa = PBXGroup;
			children = (
				1445B9A41D9068A700128F91 /* HackerBookPro.app */,
			);
			name = Products;
			sourceTree = "<group>";
		};
		1445B9A61D9068A700128F91 /* HackerBookPro */ = {
			isa = PBXGroup;
			children = (
				14CF54D01D9459D1006433BF /* Modelos */,
				1445B9AA1D9068A700128F91 /* AppDelegate.h */,
				1445B9AB1D9068A700128F91 /* AppDelegate.m */,
				1445B9AD1D9068A700128F91 /* ViewController.h */,
				1445B9AE1D9068A700128F91 /* ViewController.m */,
				1445B9B01D9068A700128F91 /* Main.storyboard */,
				1445B9B31D9068A700128F91 /* Assets.xcassets */,
				1445B9B51D9068A700128F91 /* LaunchScreen.storyboard */,
				1445B9B81D9068A700128F91 /* Info.plist */,
				1445B9A71D9068A700128F91 /* Supporting Files */,
				1445B9BE1D90695500128F91 /* Model.xcdatamodeld */,
			);
			path = HackerBookPro;
			sourceTree = "<group>";
		};
		1445B9A71D9068A700128F91 /* Supporting Files */ = {
			isa = PBXGroup;
			children = (
				1445B9A81D9068A700128F91 /* main.m */,
			);
			name = "Supporting Files";
			sourceTree = "<group>";
		};
		14CF54D01D9459D1006433BF /* Modelos */ = {
			isa = PBXGroup;
			children = (
				14CF54D21D945A22006433BF /* AGTSimpleCoreDataStack.m */,
				14CF54D11D945A22006433BF /* AGTSimpleCoreDataStack.h */,
			);
			name = Modelos;
			sourceTree = "<group>";
		};
/* End PBXGroup section */

/* Begin PBXNativeTarget section */
		1445B9A31D9068A700128F91 /* HackerBookPro */ = {
			isa = PBXNativeTarget;
			buildConfigurationList = 1445B9BB1D9068A700128F91 /* Build configuration list for PBXNativeTarget "HackerBookPro" */;
			buildPhases = (
				1445B9A01D9068A700128F91 /* Sources */,
				1445B9A11D9068A700128F91 /* Frameworks */,
				1445B9A21D9068A700128F91 /* Resources */,
			);
			buildRules = (
			);
			dependencies = (
			);
			name = HackerBookPro;
			productName = HackerBookPro;
			productReference = 1445B9A41D9068A700128F91 /* HackerBookPro.app */;
			productType = "com.apple.product-type.application";
		};
/* End PBXNativeTarget section */

/* Begin PBXProject section */
		1445B99C1D9068A700128F91 /* Project object */ = {
			isa = PBXProject;
			attributes = {
				LastUpgradeCheck = 0800;
				ORGANIZATIONNAME = Ocon;
				TargetAttributes = {
					1445B9A31D9068A700128F91 = {
						CreatedOnToolsVersion = 8.0;
						ProvisioningStyle = Automatic;
					};
				};
			};
			buildConfigurationList = 1445B99F1D9068A700128F91 /* Build configuration list for PBXProject "HackerBookPro" */;
			compatibilityVersion = "Xcode 3.2";
			developmentRegion = English;
			hasScannedForEncodings = 0;
			knownRegions = (
				en,
				Base,
			);
			mainGroup = 1445B99B1D9068A700128F91;
			productRefGroup = 1445B9A51D9068A700128F91 /* Products */;
			projectDirPath = "";
			projectRoot = "";
			targets = (
				1445B9A31D9068A700128F91 /* HackerBookPro */,
			);
		};
/* End PBXProject section */

/* Begin PBXResourcesBuildPhase section */
		1445B9A21D9068A700128F91 /* Resources */ = {
			isa = PBXResourcesBuildPhase;
			buildActionMask = 2147483647;
			files = (
				1445B9B71D9068A700128F91 /* LaunchScreen.storyboard in Resources */,
				1445B9B41D9068A700128F91 /* Assets.xcassets in Resources */,
				1445B9B21D9068A700128F91 /* Main.storyboard in Resources */,
			);
			runOnlyForDeploymentPostprocessing = 0;
		};
/* End PBXResourcesBuildPhase section */

/* Begin PBXSourcesBuildPhase section */
		1445B9A01D9068A700128F91 /* Sources */ = {
			isa = PBXSourcesBuildPhase;
			buildActionMask = 2147483647;
			files = (
				1445B9AF1D9068A700128F91 /* ViewController.m in Sources */,
				1445B9AC1D9068A700128F91 /* AppDelegate.m in Sources */,
				1445B9A91D9068A700128F91 /* main.m in Sources */,
				14CF54D31D945A22006433BF /* AGTSimpleCoreDataStack.m in Sources */,
				1445B9C01D90695500128F91 /* Model.xcdatamodeld in Sources */,
			);
			runOnlyForDeploymentPostprocessing = 0;
		};
/* End PBXSourcesBuildPhase section */

/* Begin PBXVariantGroup section */
		1445B9B01D9068A700128F91 /* Main.storyboard */ = {
			isa = PBXVariantGroup;
			children = (
				1445B9B11D9068A700128F91 /* Base */,
			);
			name = Main.storyboard;
			sourceTree = "<group>";
		};
		1445B9B51D9068A700128F91 /* LaunchScreen.storyboard */ = {
			isa = PBXVariantGroup;
			children = (
				1445B9B61D9068A700128F91 /* Base */,
			);
			name = LaunchScreen.storyboard;
			sourceTree = "<group>";
		};
/* End PBXVariantGroup section */

/* Begin XCBuildConfiguration section */
		1445B9B91D9068A700128F91 /* Debug */ = {
			isa = XCBuildConfiguration;
			buildSettings = {
				ALWAYS_SEARCH_USER_PATHS = NO;
				CLANG_ANALYZER_NONNULL = YES;
				CLANG_CXX_LANGUAGE_STANDARD = "gnu++0x";
				CLANG_CXX_LIBRARY = "libc++";
				CLANG_ENABLE_MODULES = YES;
				CLANG_ENABLE_OBJC_ARC = YES;
				CLANG_WARN_BOOL_CONVERSION = YES;
				CLANG_WARN_CONSTANT_CONVERSION = YES;
				CLANG_WARN_DIRECT_OBJC_ISA_USAGE = YES_ERROR;
				CLANG_WARN_DOCUMENTATION_COMMENTS = YES;
				CLANG_WARN_EMPTY_BODY = YES;
				CLANG_WARN_ENUM_CONVERSION = YES;
				CLANG_WARN_INFINITE_RECURSION = YES;
				CLANG_WARN_INT_CONVERSION = YES;
				CLANG_WARN_OBJC_ROOT_CLASS = YES_ERROR;
				CLANG_WARN_SUSPICIOUS_MOVES = YES;
				CLANG_WARN_UNREACHABLE_CODE = YES;
				CLANG_WARN__DUPLICATE_METHOD_MATCH = YES;
				"CODE_SIGN_IDENTITY[sdk=iphoneos*]" = "iPhone Developer";
				COPY_PHASE_STRIP = NO;
				DEBUG_INFORMATION_FORMAT = dwarf;
				ENABLE_STRICT_OBJC_MSGSEND = YES;
				ENABLE_TESTABILITY = YES;
				GCC_C_LANGUAGE_STANDARD = gnu99;
				GCC_DYNAMIC_NO_PIC = NO;
				GCC_NO_COMMON_BLOCKS = YES;
				GCC_OPTIMIZATION_LEVEL = 0;
				GCC_PREPROCESSOR_DEFINITIONS = (
					"DEBUG=1",
					"$(inherited)",
				);
				GCC_WARN_64_TO_32_BIT_CONVERSION = YES;
				GCC_WARN_ABOUT_RETURN_TYPE = YES_ERROR;
				GCC_WARN_UNDECLARED_SELECTOR = YES;
				GCC_WARN_UNINITIALIZED_AUTOS = YES_AGGRESSIVE;
				GCC_WARN_UNUSED_FUNCTION = YES;
				GCC_WARN_UNUSED_VARIABLE = YES;
				IPHONEOS_DEPLOYMENT_TARGET = 10.0;
				MTL_ENABLE_DEBUG_INFO = YES;
				ONLY_ACTIVE_ARCH = YES;
				SDKROOT = iphoneos;
			};
			name = Debug;
		};
		1445B9BA1D9068A700128F91 /* Release */ = {
			isa = XCBuildConfiguration;
			buildSettings = {
				ALWAYS_SEARCH_USER_PATHS = NO;
				CLANG_ANALYZER_NONNULL = YES;
				CLANG_CXX_LANGUAGE_STANDARD = "gnu++0x";
				CLANG_CXX_LIBRARY = "libc++";
				CLANG_ENABLE_MODULES = YES;
				CLANG_ENABLE_OBJC_ARC = YES;
				CLANG_WARN_BOOL_CONVERSION = YES;
				CLANG_WARN_CONSTANT_CONVERSION = YES;
				CLANG_WARN_DIRECT_OBJC_ISA_USAGE = YES_ERROR;
				CLANG_WARN_DOCUMENTATION_COMMENTS = YES;
				CLANG_WARN_EMPTY_BODY = YES;
				CLANG_WARN_ENUM_CONVERSION = YES;
				CLANG_WARN_INFINITE_RECURSION = YES;
				CLANG_WARN_INT_CONVERSION = YES;
				CLANG_WARN_OBJC_ROOT_CLASS = YES_ERROR;
				CLANG_WARN_SUSPICIOUS_MOVES = YES;
				CLANG_WARN_UNREACHABLE_CODE = YES;
				CLANG_WARN__DUPLICATE_METHOD_MATCH = YES;
				"CODE_SIGN_IDENTITY[sdk=iphoneos*]" = "iPhone Developer";
				COPY_PHASE_STRIP = NO;
				DEBUG_INFORMATION_FORMAT = "dwarf-with-dsym";
				ENABLE_NS_ASSERTIONS = NO;
				ENABLE_STRICT_OBJC_MSGSEND = YES;
				GCC_C_LANGUAGE_STANDARD = gnu99;
				GCC_NO_COMMON_BLOCKS = YES;
				GCC_WARN_64_TO_32_BIT_CONVERSION = YES;
				GCC_WARN_ABOUT_RETURN_TYPE = YES_ERROR;
				GCC_WARN_UNDECLARED_SELECTOR = YES;
				GCC_WARN_UNINITIALIZED_AUTOS = YES_AGGRESSIVE;
				GCC_WARN_UNUSED_FUNCTION = YES;
				GCC_WARN_UNUSED_VARIABLE = YES;
				IPHONEOS_DEPLOYMENT_TARGET = 10.0;
				MTL_ENABLE_DEBUG_INFO = NO;
				SDKROOT = iphoneos;
				VALIDATE_PRODUCT = YES;
			};
			name = Release;
		};
		1445B9BC1D9068A700128F91 /* Debug */ = {
			isa = XCBuildConfiguration;
			buildSettings = {
				ASSETCATALOG_COMPILER_APPICON_NAME = AppIcon;
				INFOPLIST_FILE = HackerBookPro/Info.plist;
				LD_RUNPATH_SEARCH_PATHS = "$(inherited) @executable_path/Frameworks";
				PRODUCT_BUNDLE_IDENTIFIER = com.ocon.HackerBookPro;
				PRODUCT_NAME = "$(TARGET_NAME)";
			};
			name = Debug;
		};
		1445B9BD1D9068A700128F91 /* Release */ = {
			isa = XCBuildConfiguration;
			buildSettings = {
				ASSETCATALOG_COMPILER_APPICON_NAME = AppIcon;
				INFOPLIST_FILE = HackerBookPro/Info.plist;
				LD_RUNPATH_SEARCH_PATHS = "$(inherited) @executable_path/Frameworks";
				PRODUCT_BUNDLE_IDENTIFIER = com.ocon.HackerBookPro;
				PRODUCT_NAME = "$(TARGET_NAME)";
			};
			name = Release;
		};
/* End XCBuildConfiguration section */

/* Begin XCConfigurationList section */
		1445B99F1D9068A700128F91 /* Build configuration list for PBXProject "HackerBookPro" */ = {
			isa = XCConfigurationList;
			buildConfigurations = (
				1445B9B91D9068A700128F91 /* Debug */,
				1445B9BA1D9068A700128F91 /* Release */,
			);
			defaultConfigurationIsVisible = 0;
			defaultConfigurationName = Release;
		};
		1445B9BB1D9068A700128F91 /* Build configuration list for PBXNativeTarget "HackerBookPro" */ = {
			isa = XCConfigurationList;
			buildConfigurations = (
				1445B9BC1D9068A700128F91 /* Debug */,
				1445B9BD1D9068A700128F91 /* Release */,
			);
			defaultConfigurationIsVisible = 0;
			defaultConfigurationName = Release;
		};
/* End XCConfigurationList section */

/* Begin XCVersionGroup section */
		1445B9BE1D90695500128F91 /* Model.xcdatamodeld */ = {
			isa = XCVersionGroup;
			children = (
				1445B9BF1D90695500128F91 /* Model.xcdatamodel */,
			);
			currentVersion = 1445B9BF1D90695500128F91 /* Model.xcdatamodel */;
			path = Model.xcdatamodeld;
			sourceTree = "<group>";
			versionGroupType = wrapper.xcdatamodel;
		};
/* End XCVersionGroup section */
	};
	rootObject = 1445B99C1D9068A700128F91 /* Project object */;
}
